
Microsoft Visual Studio Solution File, Format Version 11.00
# Visual Studio 2010
Project("{FAE04EC0-301F-11D3-BF4B-00C04F79EFBC}") = "s1011213_Assignment1_3", "s1011213_Assignment1_3\s1011213_Assignment1_3.csproj", "{26156BCC-98FA-4EF7-A5AC-C0FB472ECEE2}"
EndProject
Global
	GlobalSection(SolutionConfigurationPlatforms) = preSolution
		Debug|x86 = Debug|x86
		Release|x86 = Release|x86
	EndGlobalSection
	GlobalSection(ProjectConfigurationPlatforms) = postSolution
		{26156BCC-98FA-4EF7-A5AC-C0FB472ECEE2}.Debug|x86.ActiveCfg = Debug|x86
		{26156BCC-98FA-4EF7-A5AC-C0FB472ECEE2}.Debug|x86.Build.0 = Debug|x86
		{26156BCC-98FA-4EF7-A5AC-C0FB472ECEE2}.Release|x86.ActiveCfg = Release|x86
		{26156BCC-98FA-4EF7-A5AC-C0FB472ECEE2}.Release|x86.Build.0 = Release|x86
	EndGlobalSection
	GlobalSection(SolutionProperties) = preSolution
		HideSolutionNode = FALSE
	EndGlobalSection
EndGlobal
